github.com/cmd-stream/base-go v0.0.0-20250325143652-da24f04b9776 h1:2G7jswFqm7RViC+gfYFBMAnFYu+Tsi70bEzebeV6c/c=
github.com/cmd-stream/base-go v0.0.0-20250325143652-da24f04b9776/go.mod h1:TGNARVuDSdpKjcnmwMEHuXFKBXw+82CO3MdWbnuWrIs=
github.com/cmd-stream/delegate-go v0.0.0-20250325183553-c685410e559a h1:SP6Z+b8+DHu3Rn5d2c+L0VyeVQUnK0uQNm8nOWDySC8=
github.com/cmd-stream/delegate-go v0.0.0-20250325183553-c685410e559a/go.mod h1:Ri8C0TMksp29hUdu1KIvFpAXC8krL3SUNmefqa4T1CE=
github.com/cmd-stream/handler-go v0.0.0-20250325183740-af6a37b3af7e h1:YU4lY5R8lGsm5bub5OX5KH2KqkyMXVCesYA0I9s/NzE=
github.com/cmd-stream/handler-go v0.0.0-20250325183740-af6a37b3af7e/go.mod h1:enUIpuPFNdc6mzjeU5CsHMp9CoakcTifTa4Ub84vioY=
github.com/cmd-stream/transport-go v0.0.0-20250325202901-2762720a7c55 h1:7ZHtr+9hiwp5CUM0cdfiaaHVMInYrHaybF0QeAJP0Xw=
github.com/cmd-stream/transport-go v0.0.0-20250325202901-2762720a7c55/go.mod h1:mokarEcxUn8hyVijozADaGvJCJOJOUu5KBIjWwRPpMI=
github.com/mus-format/common-go v0.0.0-20250307125743-867bbd6eb59c h1:axAH0WwqkZNIWZIyswO59y63JaymSi9kqy3yybhQTdI=
github.com/mus-format/common-go v0.0.0-20250307125743-867bbd6eb59c/go.mod h1:1hTb8w0YdSGIOU6wNY+e9uXnDZ9OQnUivNtd8cPSdoU=
github.com/mus-format/mus-stream-dts-go v0.7.2 h1:qxksMd5xWUgpd+Hg1/PHJvRZZMb2JN7iflXTbHU7a2o=
github.com/mus-format/mus-stream-dts-go v0.7.2/go.mod h1:PaZEJujWXgoR2NBnWO84JlRZisVCh0WUQlf0Qv6PXmk=
github.com/mus-format/mus-stream-go v0.6.2 h1:Tc4fQn05B0mrJqdRuAi8uSraL0kdyEh1mkXROvYBDm0=
github.com/mus-format/mus-stream-go v0.6.2/go.mod h1:QKUch4gu6y8vsj4JyMykYqhlOMMLhP8mlL7VrYv1y7s=
github.com/ymz-ncnk/jointwork-go v0.0.0-20240428103805-1ee224bde88a h1:we5FNsUNYd+fdpb1wG72OsQW9PSxwZmZvdEX2MPKWr4=
github.com/ymz-ncnk/jointwork-go v0.0.0-20240428103805-1ee224bde88a/go.mod h1:hSb6kzszMFlMBOgqfEMl5nF0PduNisdKI3Q0rrD19A4=
github.com/ymz-ncnk/mok v0.2.0 h1:4xOvkG0EXDlr05ZTSeRzM2q5mbyNbALRqRoI+cTwUyc=
github.com/ymz-ncnk/mok v0.2.0/go.mod h1:VDVVGULp0vdJeD27SgJghOFGyD7w3nX7SDh8TOlvIsY=
github.com/ymz-ncnk/multierr-go v0.0.0-20230813140901-5e9302c2e02a h1:mh9cOvtFJMQGPbWHZ7/fw8ODSPgBmDVPpqzjFfke60Y=
github.com/ymz-ncnk/multierr-go v0.0.0-20230813140901-5e9302c2e02a/go.mod h1:Y6DG+DHn9auZ/pemU4IxVvs+54GGhTpcBgaOHIGRiAk=
golang.org/x/exp v0.0.0-20250305212735-054e65f0b394 h1:nDVHiLt8aIbd/VzvPWN6kSOPE7+F/fNFDSXLVYkE/Iw=
golang.org/x/exp v0.0.0-20250305212735-054e65f0b394/go.mod h1:sIifuuw/Yco/y6yb6+bDNfyeQ/MdPUy/hKEMYQV17cM=
