github.com/cmd-stream/core-go v0.0.0-20251027162750-48e25877ff59 h1:Zd2FNuke5l4TBBkGsKl1THTHLdwATGzMPfdbaALaaMc=
github.com/cmd-stream/core-go v0.0.0-20251027162750-48e25877ff59/go.mod h1:cDnp3kDEWudlKh2Qx4mziDvfpR4WJftjMe0aH14+cNo=
github.com/cmd-stream/delegate-go v0.0.0-20251027163210-4c50873ff799 h1:KjrfP97z4T12hiUEqlMR3FrdvkfOKG/m41qUFmPcaD0=
github.com/cmd-stream/delegate-go v0.0.0-20251027163210-4c50873ff799/go.mod h1:ECzJTx4/X+R5sObp7Szryai7klpszrkPaeYMjcs3QD8=
github.com/cmd-stream/handler-go v0.0.0-20251027163327-4489834f899a h1:vMtZ8i5E/lGuNyhZXvd4Dbkt6nxrSDD5IqxSOb+3R+I=
github.com/cmd-stream/handler-go v0.0.0-20251027163327-4489834f899a/go.mod h1:sAfxMN5JsKvFUFjBW1gGQxGcQki3+abal6+kqQr2VWI=
github.com/cmd-stream/transport-go v0.0.0-20251027163445-7f9c67094eb0 h1:ZWK/plZ97AMs9GCn3R1z4pTp4H9nQjeGmpysdCSAzCA=
github.com/cmd-stream/transport-go v0.0.0-20251027163445-7f9c67094eb0/go.mod h1:TdFxEZ5lZdAHS0vVEsGC9moGzZq/lTtvxtUHtHskekE=
github.com/mus-format/common-go v0.0.0-20251026152644-9f5ac6728d8a h1:tLF20eBk2jdZHOy3Kyv8Wh3KdhxnIDadmrmXYE7sprc=
github.com/mus-format/common-go v0.0.0-20251026152644-9f5ac6728d8a/go.mod h1:6Dv72knd/gHi0Scn4OEFPQbnl7RrQlQDfUOOkKP/nZc=
github.com/mus-format/dts-stream-go v0.9.1 h1:+BRsG76wAtLml6HOuhzgfgg7yC1cEcjTX31XkP16CE0=
github.com/mus-format/dts-stream-go v0.9.1/go.mod h1:GoxQPuEDOUpA/vg1OUSrYvlL7dZH6cnzIE8+GrLhVWs=
github.com/mus-format/ext-stream-go v0.0.0-20251026170954-22b4f4ae6a9b h1:8WQk9aBdJ6wPclXQjl+zGbejXUhxFYKYIWSrmjUFUnY=
github.com/mus-format/ext-stream-go v0.0.0-20251026170954-22b4f4ae6a9b/go.mod h1:AAMHunmPEOWNAuPpdNqeu1U9TtQ71TD/dwyJjE1Psfc=
github.com/mus-format/mus-stream-go v0.7.2 h1:ShFtTIBEHyPSGcE+ilAPn5xd4O5fp1S/Yi4iPGXiR8s=
github.com/mus-format/mus-stream-go v0.7.2/go.mod h1:H7yLSF9JQvwQW7Je1OJxxMIf5csHoZv52SjE1WwF8MM=
github.com/ymz-ncnk/assert v0.0.0-20250528151733-c41b2fca7933 h1:V48ApBa/TSsGNKnIapVQs1q/5+HAaOk51b24L8yuPpA=
github.com/ymz-ncnk/assert v0.0.0-20250528151733-c41b2fca7933/go.mod h1:+lSOTrCyOPuvc0xuvK4uKhgQ0Ar3U/HJPpJZg73kvgE=
github.com/ymz-ncnk/jointwork-go v0.0.0-20240428103805-1ee224bde88a h1:we5FNsUNYd+fdpb1wG72OsQW9PSxwZmZvdEX2MPKWr4=
github.com/ymz-ncnk/jointwork-go v0.0.0-20240428103805-1ee224bde88a/go.mod h1:hSb6kzszMFlMBOgqfEMl5nF0PduNisdKI3Q0rrD19A4=
github.com/ymz-ncnk/mok v0.2.0/go.mod h1:VDVVGULp0vdJeD27SgJghOFGyD7w3nX7SDh8TOlvIsY=
github.com/ymz-ncnk/mok v0.2.1 h1:rx/QVO4W2d3s6g1Q2tVeIndD0Yhc66pVJRB2RHpXWSo=
github.com/ymz-ncnk/mok v0.2.1/go.mod h1:BYggihmf3kEBo7HfDVwDEqZ08gO8og8o5fcd8xuPmu0=
github.com/ymz-ncnk/multierr-go v0.0.0-20230813140901-5e9302c2e02a h1:mh9cOvtFJMQGPbWHZ7/fw8ODSPgBmDVPpqzjFfke60Y=
github.com/ymz-ncnk/multierr-go v0.0.0-20230813140901-5e9302c2e02a/go.mod h1:Y6DG+DHn9auZ/pemU4IxVvs+54GGhTpcBgaOHIGRiAk=
golang.org/x/exp v0.0.0-20250305212735-054e65f0b394 h1:nDVHiLt8aIbd/VzvPWN6kSOPE7+F/fNFDSXLVYkE/Iw=
golang.org/x/exp v0.0.0-20250305212735-054e65f0b394/go.mod h1:sIifuuw/Yco/y6yb6+bDNfyeQ/MdPUy/hKEMYQV17cM=
