github.com/cmd-stream/core-go v0.0.0-20260308140214-8371a5716599 h1:2aRn9pNCIeXasJ8f+fztJqPN1wInCsbVmdZvxIC5/3o=
github.com/cmd-stream/core-go v0.0.0-20260308140214-8371a5716599/go.mod h1:zAnD9NQUMpUIgTz2Qz9gl+/Bp94pUhf2/JkksQsO9eo=
github.com/cmd-stream/delegate-go v0.0.0-20260308140853-81d810b4c662 h1:agkCh9Z0Lrhctx2lxj/kOMdfjzJKKRuzXuCpZjRs5ss=
github.com/cmd-stream/delegate-go v0.0.0-20260308140853-81d810b4c662/go.mod h1:s5XC5w5k7lU/4q9VSTYvm376rgGtCIdW4ia0urW0jU8=
github.com/cmd-stream/handler-go v0.0.0-20260308162944-3e190d687853 h1:6tYRIRLwsfYblWBvj6MfQlKqAkdFOrpMLJqK7fMKld0=
github.com/cmd-stream/handler-go v0.0.0-20260308162944-3e190d687853/go.mod h1:zrcat0fDchJHI72zxhWaTd06tFBSUtSxQwptrnJGWRQ=
github.com/cmd-stream/transport-go v0.0.0-20260308162028-cda69b948c47 h1:y9thHvVR6U6aWBZlj99lMuW1FDMywUvGlhfN+Z0CN+M=
github.com/cmd-stream/transport-go v0.0.0-20260308162028-cda69b948c47/go.mod h1:msL9vuZoxGBYeHv20M9rcQekaBquQmYj8rPNpKkS9iY=
github.com/mus-format/common-go v0.0.0-20260225152706-590b1bf7cb37 h1:d8d/XP3jBr8lC//l9MpIQ9jCzr49Hq6X65AH1FYk+TA=
github.com/mus-format/common-go v0.0.0-20260225152706-590b1bf7cb37/go.mod h1:G4cssLSCvTjdGear9Svw8tLTqvUFv47uOpa7VQJYsNs=
github.com/mus-format/dts-stream-go v0.10.0 h1:BI7+wvFOn2zWfPBHOwpntR8X67AbWAcMjCfSz9tKS2Y=
github.com/mus-format/dts-stream-go v0.10.0/go.mod h1:+6Gt7zff3xwyLE1ft+7msVJnnX6YBJW5NGmrG+dmBdc=
github.com/mus-format/mus-stream-go v0.8.0 h1:DdKobNixeZgBDnmfrWdGCznRg3Vnk4IW0oUc/4X7VXQ=
github.com/mus-format/mus-stream-go v0.8.0/go.mod h1:WshFyH2MuAPJzdhm2Bwp+4shmkVy3RwvLxQcY1rnbWE=
github.com/ymz-ncnk/assert v0.0.0-20260108210721-155bc9aa4282 h1:lU0oPVPOGW0BZwLwAqfSTh1yxhFbwXDv/UAYY54QTq0=
github.com/ymz-ncnk/assert v0.0.0-20260108210721-155bc9aa4282/go.mod h1:+lSOTrCyOPuvc0xuvK4uKhgQ0Ar3U/HJPpJZg73kvgE=
github.com/ymz-ncnk/jointwork-go v0.0.0-20240428103805-1ee224bde88a h1:we5FNsUNYd+fdpb1wG72OsQW9PSxwZmZvdEX2MPKWr4=
github.com/ymz-ncnk/jointwork-go v0.0.0-20240428103805-1ee224bde88a/go.mod h1:hSb6kzszMFlMBOgqfEMl5nF0PduNisdKI3Q0rrD19A4=
github.com/ymz-ncnk/mok v0.2.0/go.mod h1:VDVVGULp0vdJeD27SgJghOFGyD7w3nX7SDh8TOlvIsY=
github.com/ymz-ncnk/mok v0.2.2 h1:MkHkli+n3Ci6Xla9e/6LApJZ6/XjLB6AB3IXDr9a7hk=
github.com/ymz-ncnk/mok v0.2.2/go.mod h1:oG5QOzlimZyay1H6edXmCSd7YmcRhAm1j7qC8QcmWzM=
github.com/ymz-ncnk/multierr-go v0.0.0-20230813140901-5e9302c2e02a h1:mh9cOvtFJMQGPbWHZ7/fw8ODSPgBmDVPpqzjFfke60Y=
github.com/ymz-ncnk/multierr-go v0.0.0-20230813140901-5e9302c2e02a/go.mod h1:Y6DG+DHn9auZ/pemU4IxVvs+54GGhTpcBgaOHIGRiAk=
golang.org/x/exp v0.0.0-20250305212735-054e65f0b394 h1:nDVHiLt8aIbd/VzvPWN6kSOPE7+F/fNFDSXLVYkE/Iw=
golang.org/x/exp v0.0.0-20250305212735-054e65f0b394/go.mod h1:sIifuuw/Yco/y6yb6+bDNfyeQ/MdPUy/hKEMYQV17cM=
